{
  "name": "scripts",
  "version": "1.0.0",
  "lockfileVersion": 3,
  "requires": true,
  "packages": {
    "": {
      "name": "scripts",
      "version": "1.0.0",
      "license": "ISC",
      "dependencies": {
        "meshoptimizer": "^0.24.0"
      }
    },
    "node_modules/meshoptimizer": {
      "version": "0.24.0",
      "resolved": "https://registry.npmjs.org/meshoptimizer/-/meshoptimizer-0.24.0.tgz",
      "integrity": "sha512-Iq/8cM5cK2B0P0QdKHexr30zEJn5sQxjXKtQJGp6LO7r1VUPwhgxau18pvybVDnEDsKE49GdlJYwqPX9A/P9Sw==",
      "license": "MIT"
    }
  }
}
